PATH
  remote: .
  specs:
    rbscope (0.1.0)
      rb_sys (~> 0.9)

GEM
  remote: https://rubygems.org/
  specs:
    minitest (5.27.0)
    rake (13.3.1)
    rake-compiler (1.3.1)
      rake
    rake-compiler-dock (1.11.0)
    rb_sys (0.9.124)
      rake-compiler-dock (= 1.11.0)

PLATFORMS
  arm64-darwin-23
  ruby

DEPENDENCIES
  minitest (~> 5.0, >= 0)
  rake (~> 13.0)
  rake-compiler (~> 1.2, >= 0)
  rb_sys (~> 0.9, >= 0)
  rbscope!

CHECKSUMS
  minitest (5.27.0) sha256=2d3b17f8a36fe7801c1adcffdbc38233b938eb0b4966e97a6739055a45fa77d5
  rake (13.3.1) sha256=8c9e89d09f66a26a01264e7e3480ec0607f0c497a861ef16063604b1b08eb19c
  rake-compiler (1.3.1) sha256=6b351612b6e2d73ddd5563ee799bb58685176e05363db6758504bd11573d670a
  rake-compiler-dock (1.11.0) sha256=eab51f2cd533eb35cea6b624a75281f047123e70a64c58b607471bb49428f8c2
  rb_sys (0.9.124) sha256=513476557b12eaf73764b3da9f8746024558fe8699bda785fb548c9aa3877ae7
  rbscope (0.1.0)

BUNDLED WITH
  4.0.3
