PATH
  remote: ../gem
  specs:
    rbscope (0.1.0)
      rb_sys (~> 0.9)

GEM
  remote: https://rubygems.org/
  specs:
    bigdecimal (4.0.1)
    ffi (1.17.3)
    ffi (1.17.3-arm64-darwin)
    google-protobuf (4.33.5)
      bigdecimal
      rake (>= 13)
    google-protobuf (4.33.5-arm64-darwin)
      bigdecimal
      rake (>= 13)
    googleapis-common-protos-types (1.22.0)
      google-protobuf (~> 4.26)
    nio4r (2.7.5)
    opentelemetry-api (1.7.0)
    opentelemetry-common (0.23.0)
      opentelemetry-api (~> 1.0)
    opentelemetry-exporter-otlp (0.31.1)
      google-protobuf (>= 3.18)
      googleapis-common-protos-types (~> 1.3)
      opentelemetry-api (~> 1.1)
      opentelemetry-common (~> 0.20)
      opentelemetry-sdk (~> 1.10)
      opentelemetry-semantic_conventions
    opentelemetry-instrumentation-base (0.25.0)
      opentelemetry-api (~> 1.7)
      opentelemetry-common (~> 0.21)
      opentelemetry-registry (~> 0.1)
    opentelemetry-instrumentation-rack (0.29.0)
      opentelemetry-instrumentation-base (~> 0.25)
    opentelemetry-registry (0.4.0)
      opentelemetry-api (~> 1.1)
    opentelemetry-sdk (1.10.0)
      opentelemetry-api (~> 1.1)
      opentelemetry-common (~> 0.20)
      opentelemetry-registry (~> 0.2)
      opentelemetry-semantic_conventions
    opentelemetry-semantic_conventions (1.36.0)
      opentelemetry-api (~> 1.0)
    puma (6.6.1)
      nio4r (~> 2.0)
    pyroscope (1.0.1)
      ffi
    pyroscope (1.0.1-arm64-darwin)
      ffi
    rack (3.2.4)
    rack-test (2.2.0)
      rack (>= 1.3)
    rake (13.3.1)
    rake-compiler-dock (1.11.0)
    rb_sys (0.9.124)
      rake-compiler-dock (= 1.11.0)

PLATFORMS
  arm64-darwin-23
  ruby

DEPENDENCIES
  opentelemetry-exporter-otlp
  opentelemetry-instrumentation-rack
  opentelemetry-sdk
  puma (~> 6.0)
  pyroscope
  rack-test
  rbscope!

CHECKSUMS
  bigdecimal (4.0.1) sha256=8b07d3d065a9f921c80ceaea7c9d4ae596697295b584c296fe599dd0ad01c4a7
  ffi (1.17.3) sha256=0e9f39f7bb3934f77ad6feab49662be77e87eedcdeb2a3f5c0234c2938563d4c
  ffi (1.17.3-arm64-darwin) sha256=0c690555d4cee17a7f07c04d59df39b2fba74ec440b19da1f685c6579bb0717f
  google-protobuf (4.33.5) sha256=1b64fb774c101b23ac3f6923eca24be04fd971635d235c4cd4cfe0d752620da0
  google-protobuf (4.33.5-arm64-darwin) sha256=996d4e93c4232cc42f0facd821a92b4f4a926c3c9c1a768e7d768b33d9ef72f9
  googleapis-common-protos-types (1.22.0) sha256=f97492b77bd6da0018c860d5004f512fe7cd165554d7019a8f4df6a56fbfc4c7
  nio4r (2.7.5) sha256=6c90168e48fb5f8e768419c93abb94ba2b892a1d0602cb06eef16d8b7df1dca1
  opentelemetry-api (1.7.0) sha256=ccfd264ea6f2db5bf4185e3c07a1297977b44a944e2ce65457c4fe63a697214f
  opentelemetry-common (0.23.0) sha256=da721190479d57bae0ad2207468f47f3e2c3b9a91024b5bc32c9d280183eb32c
  opentelemetry-exporter-otlp (0.31.1) sha256=5358be17d7849cbcc4f49e1fc24105edc780a6f96c8e57b64192ab9a8e47474a
  opentelemetry-instrumentation-base (0.25.0) sha256=642a3a7f08354e6e969423327a4fa67ed2cca7ac6fe5ee09e55b17d1c576da27
  opentelemetry-instrumentation-rack (0.29.0) sha256=9e2cbb8336087064cbe33b502d917d85b174162bc717efda1cfdbd182342f377
  opentelemetry-registry (0.4.0) sha256=903fa6bfaa29eac1c1d73a4fdd29b850977b5353b84b8cdff11222c00ad2968f
  opentelemetry-sdk (1.10.0) sha256=43719949be8df24dcaeb86ebbf75636cda87d51a01af2729499b92a48b80521a
  opentelemetry-semantic_conventions (1.36.0) sha256=c1b1607dbc7853aac7f9e23f6e8b76969c45b07f2b812a4aa4383c19a3b0f617
  puma (6.6.1) sha256=b9b56e4a4ea75d1bfa6d9e1972ee2c9f43d0883f011826d914e8e37b3694ea1e
  pyroscope (1.0.1) sha256=95dcfd3cb167db6662c2450a0047299716c652bd31ced53496c190181ea77939
  pyroscope (1.0.1-arm64-darwin) sha256=ff458f3ba8cdda11a852cacf5fb53373fdaa40c91f17507fdc019f47d7170591
  rack (3.2.4) sha256=5d74b6f75082a643f43c1e76b419c40f0e5527fcfee1e669ac1e6b73c0ccb6f6
  rack-test (2.2.0) sha256=005a36692c306ac0b4a9350355ee080fd09ddef1148a5f8b2ac636c720f5c463
  rake (13.3.1) sha256=8c9e89d09f66a26a01264e7e3480ec0607f0c497a861ef16063604b1b08eb19c
  rake-compiler-dock (1.11.0) sha256=eab51f2cd533eb35cea6b624a75281f047123e70a64c58b607471bb49428f8c2
  rb_sys (0.9.124) sha256=513476557b12eaf73764b3da9f8746024558fe8699bda785fb548c9aa3877ae7
  rbscope (0.1.0)

BUNDLED WITH
  4.0.3
